// !$*UTF8*$!
{
	archiveVersion = 1;
	classes = {
	};
	objectVersion = 50;
	objects = {

/* Begin PBXBuildFile section */
		FA113E0C21CD51DB00708940 /* TransactionListContracts.swift in Sources */ = {isa = PBXBuildFile; fileRef = FA113E0B21CD51DB00708940 /* TransactionListContracts.swift */; };
		FA113E0E21CD525C00708940 /* TransactionListViewModel.swift in Sources */ = {isa = PBXBuildFile; fileRef = FA113E0D21CD525C00708940 /* TransactionListViewModel.swift */; };
		FA113E1721CDA92F00708940 /* TransactionListTableViewCell.swift in Sources */ = {isa = PBXBuildFile; fileRef = FA113E1521CDA92F00708940 /* TransactionListTableViewCell.swift */; };
		FA113E1821CDA92F00708940 /* TransactionListTableViewCell.xib in Resources */ = {isa = PBXBuildFile; fileRef = FA113E1621CDA92F00708940 /* TransactionListTableViewCell.xib */; };
		FA113E1B21CDB0FE00708940 /* TransactionListViewController.xib in Resources */ = {isa = PBXBuildFile; fileRef = FA113E1A21CDB0FE00708940 /* TransactionListViewController.xib */; };
		FA1148DA21CF9CCD002608F4 /* TransactionDetailViewController.xib in Resources */ = {isa = PBXBuildFile; fileRef = FA1148D921CF9CCD002608F4 /* TransactionDetailViewController.xib */; };
		FA1148DC21CF9F14002608F4 /* TransactionDetailViewController.swift in Sources */ = {isa = PBXBuildFile; fileRef = FA1148DB21CF9F14002608F4 /* TransactionDetailViewController.swift */; };
		FA1148E021CF9FC9002608F4 /* TransactionDetailViewModel.swift in Sources */ = {isa = PBXBuildFile; fileRef = FA1148DF21CF9FC9002608F4 /* TransactionDetailViewModel.swift */; };
		FA1148E221CF9FEE002608F4 /* TransactionDetailViewModelProtocol.swift in Sources */ = {isa = PBXBuildFile; fileRef = FA1148E121CF9FEE002608F4 /* TransactionDetailViewModelProtocol.swift */; };
		FA1148E621CFA638002608F4 /* TransactionDetailTableViewCell.swift in Sources */ = {isa = PBXBuildFile; fileRef = FA1148E521CFA638002608F4 /* TransactionDetailTableViewCell.swift */; };
		FA1148E821CFA67C002608F4 /* TransactionDetailTableViewCell.xib in Resources */ = {isa = PBXBuildFile; fileRef = FA1148E721CFA67C002608F4 /* TransactionDetailTableViewCell.xib */; };
		FA1148EC21CFC757002608F4 /* TransactionDetailBuilder.swift in Sources */ = {isa = PBXBuildFile; fileRef = FA1148EB21CFC757002608F4 /* TransactionDetailBuilder.swift */; };
		FA1148EE21CFD32C002608F4 /* DateUtility.swift in Sources */ = {isa = PBXBuildFile; fileRef = FA1148ED21CFD32C002608F4 /* DateUtility.swift */; };
		FA8A0D2721CBE93D00B9699B /* AppDelegate.swift in Sources */ = {isa = PBXBuildFile; fileRef = FA8A0D2621CBE93D00B9699B /* AppDelegate.swift */; };
		FA8A0D2921CBE93D00B9699B /* TransactionListViewController.swift in Sources */ = {isa = PBXBuildFile; fileRef = FA8A0D2821CBE93D00B9699B /* TransactionListViewController.swift */; };
		FA8A0D2E21CBE94000B9699B /* Assets.xcassets in Resources */ = {isa = PBXBuildFile; fileRef = FA8A0D2D21CBE94000B9699B /* Assets.xcassets */; };
		FA8A0D3121CBE94000B9699B /* LaunchScreen.storyboard in Resources */ = {isa = PBXBuildFile; fileRef = FA8A0D2F21CBE94000B9699B /* LaunchScreen.storyboard */; };
		FA8A0D3C21CBE94000B9699B /* TransactionTreeTests.swift in Sources */ = {isa = PBXBuildFile; fileRef = FA8A0D3B21CBE94000B9699B /* TransactionTreeTests.swift */; };
		FA8A0D4821CC007E00B9699B /* Service.swift in Sources */ = {isa = PBXBuildFile; fileRef = FA8A0D4721CC007E00B9699B /* Service.swift */; };
		FA8A0D4A21CC009200B9699B /* ServiceProtocol.swift in Sources */ = {isa = PBXBuildFile; fileRef = FA8A0D4921CC009200B9699B /* ServiceProtocol.swift */; };
		FA8A0D4E21CC0B8700B9699B /* AppContainer.swift in Sources */ = {isa = PBXBuildFile; fileRef = FA8A0D4D21CC0B8700B9699B /* AppContainer.swift */; };
		FA8A0D5021CC0B9400B9699B /* AppRouter.swift in Sources */ = {isa = PBXBuildFile; fileRef = FA8A0D4F21CC0B9400B9699B /* AppRouter.swift */; };
		FA8A0D5421CC265900B9699B /* TransactionListBuilder.swift in Sources */ = {isa = PBXBuildFile; fileRef = FA8A0D5321CC265900B9699B /* TransactionListBuilder.swift */; };
		FA8A0D5821CD235C00B9699B /* DataSourceProtocol.swift in Sources */ = {isa = PBXBuildFile; fileRef = FA8A0D5721CD235C00B9699B /* DataSourceProtocol.swift */; };
		FA8A0D5A21CD23F000B9699B /* LootDataSource.swift in Sources */ = {isa = PBXBuildFile; fileRef = FA8A0D5921CD23F000B9699B /* LootDataSource.swift */; };
		FA8A0D5E21CD261F00B9699B /* AppConstants.swift in Sources */ = {isa = PBXBuildFile; fileRef = FA8A0D5D21CD261F00B9699B /* AppConstants.swift */; };
		FA8A0D6221CD2AED00B9699B /* Transaction.swift in Sources */ = {isa = PBXBuildFile; fileRef = FA8A0D6121CD2AED00B9699B /* Transaction.swift */; };
		FA8A0D6421CD2B1F00B9699B /* Location.swift in Sources */ = {isa = PBXBuildFile; fileRef = FA8A0D6321CD2B1F00B9699B /* Location.swift */; };
		FA8A0D6721CD30F100B9699B /* TransactionListResponse.swift in Sources */ = {isa = PBXBuildFile; fileRef = FA8A0D6621CD30F100B9699B /* TransactionListResponse.swift */; };
/* End PBXBuildFile section */

/* Begin PBXContainerItemProxy section */
		FA8A0D3821CBE94000B9699B /* PBXContainerItemProxy */ = {
			isa = PBXContainerItemProxy;
			containerPortal = FA8A0D1B21CBE93D00B9699B /* Project object */;
			proxyType = 1;
			remoteGlobalIDString = FA8A0D2221CBE93D00B9699B;
			remoteInfo = TransactionTree;
		};
/* End PBXContainerItemProxy section */

/* Begin PBXFileReference section */
		FA113E0B21CD51DB00708940 /* TransactionListContracts.swift */ = {isa = PBXFileReference; lastKnownFileType = sourcecode.swift; path = TransactionListContracts.swift; sourceTree = "<group>"; };
		FA113E0D21CD525C00708940 /* TransactionListViewModel.swift */ = {isa = PBXFileReference; lastKnownFileType = sourcecode.swift; path = TransactionListViewModel.swift; sourceTree = "<group>"; };
		FA113E1521CDA92F00708940 /* TransactionListTableViewCell.swift */ = {isa = PBXFileReference; fileEncoding = 4; lastKnownFileType = sourcecode.swift; path = TransactionListTableViewCell.swift; sourceTree = "<group>"; };
		FA113E1621CDA92F00708940 /* TransactionListTableViewCell.xib */ = {isa = PBXFileReference; fileEncoding = 4; lastKnownFileType = file.xib; path = TransactionListTableViewCell.xib; sourceTree = "<group>"; };
		FA113E1A21CDB0FE00708940 /* TransactionListViewController.xib */ = {isa = PBXFileReference; lastKnownFileType = file.xib; path = TransactionListViewController.xib; sourceTree = "<group>"; };
		FA1148D921CF9CCD002608F4 /* TransactionDetailViewController.xib */ = {isa = PBXFileReference; lastKnownFileType = file.xib; path = TransactionDetailViewController.xib; sourceTree = "<group>"; };
		FA1148DB21CF9F14002608F4 /* TransactionDetailViewController.swift */ = {isa = PBXFileReference; lastKnownFileType = sourcecode.swift; path = TransactionDetailViewController.swift; sourceTree = "<group>"; };
		FA1148DF21CF9FC9002608F4 /* TransactionDetailViewModel.swift */ = {isa = PBXFileReference; lastKnownFileType = sourcecode.swift; path = TransactionDetailViewModel.swift; sourceTree = "<group>"; };
		FA1148E121CF9FEE002608F4 /* TransactionDetailViewModelProtocol.swift */ = {isa = PBXFileReference; lastKnownFileType = sourcecode.swift; path = TransactionDetailViewModelProtocol.swift; sourceTree = "<group>"; };
		FA1148E521CFA638002608F4 /* TransactionDetailTableViewCell.swift */ = {isa = PBXFileReference; lastKnownFileType = sourcecode.swift; path = TransactionDetailTableViewCell.swift; sourceTree = "<group>"; };
		FA1148E721CFA67C002608F4 /* TransactionDetailTableViewCell.xib */ = {isa = PBXFileReference; lastKnownFileType = file.xib; path = TransactionDetailTableViewCell.xib; sourceTree = "<group>"; };
		FA1148EB21CFC757002608F4 /* TransactionDetailBuilder.swift */ = {isa = PBXFileReference; lastKnownFileType = sourcecode.swift; path = TransactionDetailBuilder.swift; sourceTree = "<group>"; };
		FA1148ED21CFD32C002608F4 /* DateUtility.swift */ = {isa = PBXFileReference; lastKnownFileType = sourcecode.swift; path = DateUtility.swift; sourceTree = "<group>"; };
		FA8A0D2321CBE93D00B9699B /* Kumbara.app */ = {isa = PBXFileReference; explicitFileType = wrapper.application; includeInIndex = 0; path = Kumbara.app; sourceTree = BUILT_PRODUCTS_DIR; };
		FA8A0D2621CBE93D00B9699B /* AppDelegate.swift */ = {isa = PBXFileReference; lastKnownFileType = sourcecode.swift; path = AppDelegate.swift; sourceTree = "<group>"; };
		FA8A0D2821CBE93D00B9699B /* TransactionListViewController.swift */ = {isa = PBXFileReference; lastKnownFileType = sourcecode.swift; path = TransactionListViewController.swift; sourceTree = "<group>"; };
		FA8A0D2D21CBE94000B9699B /* Assets.xcassets */ = {isa = PBXFileReference; lastKnownFileType = folder.assetcatalog; path = Assets.xcassets; sourceTree = "<group>"; };
		FA8A0D3021CBE94000B9699B /* Base */ = {isa = PBXFileReference; lastKnownFileType = file.storyboard; name = Base; path = Base.lproj/LaunchScreen.storyboard; sourceTree = "<group>"; };
		FA8A0D3221CBE94000B9699B /* Info.plist */ = {isa = PBXFileReference; lastKnownFileType = text.plist.xml; path = Info.plist; sourceTree = "<group>"; };
		FA8A0D3721CBE94000B9699B /* KumbaraTests.xctest */ = {isa = PBXFileReference; explicitFileType = wrapper.cfbundle; includeInIndex = 0; path = KumbaraTests.xctest; sourceTree = BUILT_PRODUCTS_DIR; };
		FA8A0D3B21CBE94000B9699B /* TransactionTreeTests.swift */ = {isa = PBXFileReference; lastKnownFileType = sourcecode.swift; path = TransactionTreeTests.swift; sourceTree = "<group>"; };
		FA8A0D3D21CBE94000B9699B /* Info.plist */ = {isa = PBXFileReference; lastKnownFileType = text.plist.xml; path = Info.plist; sourceTree = "<group>"; };
		FA8A0D4721CC007E00B9699B /* Service.swift */ = {isa = PBXFileReference; lastKnownFileType = sourcecode.swift; path = Service.swift; sourceTree = "<group>"; };
		FA8A0D4921CC009200B9699B /* ServiceProtocol.swift */ = {isa = PBXFileReference; lastKnownFileType = sourcecode.swift; path = ServiceProtocol.swift; sourceTree = "<group>"; };
		FA8A0D4D21CC0B8700B9699B /* AppContainer.swift */ = {isa = PBXFileReference; lastKnownFileType = sourcecode.swift; path = AppContainer.swift; sourceTree = "<group>"; };
		FA8A0D4F21CC0B9400B9699B /* AppRouter.swift */ = {isa = PBXFileReference; lastKnownFileType = sourcecode.swift; path = AppRouter.swift; sourceTree = "<group>"; };
		FA8A0D5321CC265900B9699B /* TransactionListBuilder.swift */ = {isa = PBXFileReference; lastKnownFileType = sourcecode.swift; path = TransactionListBuilder.swift; sourceTree = "<group>"; };
		FA8A0D5721CD235C00B9699B /* DataSourceProtocol.swift */ = {isa = PBXFileReference; lastKnownFileType = sourcecode.swift; path = DataSourceProtocol.swift; sourceTree = "<group>"; };
		FA8A0D5921CD23F000B9699B /* LootDataSource.swift */ = {isa = PBXFileReference; lastKnownFileType = sourcecode.swift; path = LootDataSource.swift; sourceTree = "<group>"; };
		FA8A0D5D21CD261F00B9699B /* AppConstants.swift */ = {isa = PBXFileReference; lastKnownFileType = sourcecode.swift; path = AppConstants.swift; sourceTree = "<group>"; };
		FA8A0D6121CD2AED00B9699B /* Transaction.swift */ = {isa = PBXFileReference; lastKnownFileType = sourcecode.swift; path = Transaction.swift; sourceTree = "<group>"; };
		FA8A0D6321CD2B1F00B9699B /* Location.swift */ = {isa = PBXFileReference; lastKnownFileType = sourcecode.swift; path = Location.swift; sourceTree = "<group>"; };
		FA8A0D6621CD30F100B9699B /* TransactionListResponse.swift */ = {isa = PBXFileReference; lastKnownFileType = sourcecode.swift; path = TransactionListResponse.swift; sourceTree = "<group>"; };
/* End PBXFileReference section */

/* Begin PBXFrameworksBuildPhase section */
		FA8A0D2021CBE93D00B9699B /* Frameworks */ = {
			isa = PBXFrameworksBuildPhase;
			buildActionMask = 2147483647;
			files = (
			);
			runOnlyForDeploymentPostprocessing = 0;
		};
		FA8A0D3421CBE94000B9699B /* Frameworks */ = {
			isa = PBXFrameworksBuildPhase;
			buildActionMask = 2147483647;
			files = (
			);
			runOnlyForDeploymentPostprocessing = 0;
		};
/* End PBXFrameworksBuildPhase section */

/* Begin PBXGroup section */
		FA113E1921CDAA2B00708940 /* Cell */ = {
			isa = PBXGroup;
			children = (
				FA113E1521CDA92F00708940 /* TransactionListTableViewCell.swift */,
				FA113E1621CDA92F00708940 /* TransactionListTableViewCell.xib */,
			);
			path = Cell;
			sourceTree = "<group>";
		};
		FA1148D621CF9C2D002608F4 /* TransactionList */ = {
			isa = PBXGroup;
			children = (
				FA1148E321CFA380002608F4 /* View */,
				FA1148D721CF9C8B002608F4 /* ViewModel */,
			);
			path = TransactionList;
			sourceTree = "<group>";
		};
		FA1148D721CF9C8B002608F4 /* ViewModel */ = {
			isa = PBXGroup;
			children = (
				FA113E0B21CD51DB00708940 /* TransactionListContracts.swift */,
				FA113E0D21CD525C00708940 /* TransactionListViewModel.swift */,
			);
			path = ViewModel;
			sourceTree = "<group>";
		};
		FA1148D821CF9CA1002608F4 /* TransactionDetail */ = {
			isa = PBXGroup;
			children = (
				FA1148E421CFA396002608F4 /* View */,
				FA1148DD21CF9F2E002608F4 /* ViewModel */,
			);
			path = TransactionDetail;
			sourceTree = "<group>";
		};
		FA1148DD21CF9F2E002608F4 /* ViewModel */ = {
			isa = PBXGroup;
			children = (
				FA1148DF21CF9FC9002608F4 /* TransactionDetailViewModel.swift */,
				FA1148E121CF9FEE002608F4 /* TransactionDetailViewModelProtocol.swift */,
			);
			path = ViewModel;
			sourceTree = "<group>";
		};
		FA1148DE21CF9F38002608F4 /* Cell */ = {
			isa = PBXGroup;
			children = (
				FA1148E521CFA638002608F4 /* TransactionDetailTableViewCell.swift */,
				FA1148E721CFA67C002608F4 /* TransactionDetailTableViewCell.xib */,
			);
			path = Cell;
			sourceTree = "<group>";
		};
		FA1148E321CFA380002608F4 /* View */ = {
			isa = PBXGroup;
			children = (
				FA8A0D2821CBE93D00B9699B /* TransactionListViewController.swift */,
				FA113E1A21CDB0FE00708940 /* TransactionListViewController.xib */,
				FA8A0D5321CC265900B9699B /* TransactionListBuilder.swift */,
				FA113E1921CDAA2B00708940 /* Cell */,
			);
			path = View;
			sourceTree = "<group>";
		};
		FA1148E421CFA396002608F4 /* View */ = {
			isa = PBXGroup;
			children = (
				FA1148DB21CF9F14002608F4 /* TransactionDetailViewController.swift */,
				FA1148D921CF9CCD002608F4 /* TransactionDetailViewController.xib */,
				FA1148EB21CFC757002608F4 /* TransactionDetailBuilder.swift */,
				FA1148DE21CF9F38002608F4 /* Cell */,
			);
			path = View;
			sourceTree = "<group>";
		};
		FA8A0D1A21CBE93D00B9699B = {
			isa = PBXGroup;
			children = (
				FA8A0D2521CBE93D00B9699B /* Kumbara */,
				FA8A0D3A21CBE94000B9699B /* KumbaraTests */,
				FA8A0D2421CBE93D00B9699B /* Products */,
			);
			sourceTree = "<group>";
		};
		FA8A0D2421CBE93D00B9699B /* Products */ = {
			isa = PBXGroup;
			children = (
				FA8A0D2321CBE93D00B9699B /* Kumbara.app */,
				FA8A0D3721CBE94000B9699B /* KumbaraTests.xctest */,
			);
			name = Products;
			sourceTree = "<group>";
		};
		FA8A0D2521CBE93D00B9699B /* Kumbara */ = {
			isa = PBXGroup;
			children = (
				FA8A0D2F21CBE94000B9699B /* LaunchScreen.storyboard */,
				FA8A0D3221CBE94000B9699B /* Info.plist */,
				FA8A0D5B21CD24C300B9699B /* Commons */,
				FA8A0D4C21CC0B3300B9699B /* App */,
				FA8A0D4B21CC0B2000B9699B /* Scenes */,
				FA8A0D5F21CD2AD100B9699B /* API */,
				FA8A0D5521CD1EB700B9699B /* Resources */,
			);
			path = Kumbara;
			sourceTree = "<group>";
		};
		FA8A0D3A21CBE94000B9699B /* KumbaraTests */ = {
			isa = PBXGroup;
			children = (
				FA8A0D3B21CBE94000B9699B /* TransactionTreeTests.swift */,
				FA8A0D3D21CBE94000B9699B /* Info.plist */,
			);
			path = KumbaraTests;
			sourceTree = "<group>";
		};
		FA8A0D4621CC006500B9699B /* Network */ = {
			isa = PBXGroup;
			children = (
				FA8A0D6521CD30D700B9699B /* Model */,
				FA8A0D4721CC007E00B9699B /* Service.swift */,
				FA8A0D4921CC009200B9699B /* ServiceProtocol.swift */,
				FA8A0D5721CD235C00B9699B /* DataSourceProtocol.swift */,
				FA8A0D5921CD23F000B9699B /* LootDataSource.swift */,
			);
			path = Network;
			sourceTree = "<group>";
		};
		FA8A0D4B21CC0B2000B9699B /* Scenes */ = {
			isa = PBXGroup;
			children = (
				FA1148D621CF9C2D002608F4 /* TransactionList */,
				FA1148D821CF9CA1002608F4 /* TransactionDetail */,
			);
			path = Scenes;
			sourceTree = "<group>";
		};
		FA8A0D4C21CC0B3300B9699B /* App */ = {
			isa = PBXGroup;
			children = (
				FA8A0D2621CBE93D00B9699B /* AppDelegate.swift */,
				FA8A0D4D21CC0B8700B9699B /* AppContainer.swift */,
				FA8A0D4F21CC0B9400B9699B /* AppRouter.swift */,
			);
			path = App;
			sourceTree = "<group>";
		};
		FA8A0D5521CD1EB700B9699B /* Resources */ = {
			isa = PBXGroup;
			children = (
				FA8A0D2D21CBE94000B9699B /* Assets.xcassets */,
			);
			path = Resources;
			sourceTree = "<group>";
		};
		FA8A0D5B21CD24C300B9699B /* Commons */ = {
			isa = PBXGroup;
			children = (
				FA8A0D5C21CD24D000B9699B /* Constants */,
				FA1148ED21CFD32C002608F4 /* DateUtility.swift */,
			);
			path = Commons;
			sourceTree = "<group>";
		};
		FA8A0D5C21CD24D000B9699B /* Constants */ = {
			isa = PBXGroup;
			children = (
				FA8A0D5D21CD261F00B9699B /* AppConstants.swift */,
			);
			path = Constants;
			sourceTree = "<group>";
		};
		FA8A0D5F21CD2AD100B9699B /* API */ = {
			isa = PBXGroup;
			children = (
				FA8A0D6021CD2ADC00B9699B /* Model */,
				FA8A0D4621CC006500B9699B /* Network */,
			);
			path = API;
			sourceTree = "<group>";
		};
		FA8A0D6021CD2ADC00B9699B /* Model */ = {
			isa = PBXGroup;
			children = (
				FA8A0D6121CD2AED00B9699B /* Transaction.swift */,
				FA8A0D6321CD2B1F00B9699B /* Location.swift */,
			);
			path = Model;
			sourceTree = "<group>";
		};
		FA8A0D6521CD30D700B9699B /* Model */ = {
			isa = PBXGroup;
			children = (
				FA8A0D6621CD30F100B9699B /* TransactionListResponse.swift */,
			);
			path = Model;
			sourceTree = "<group>";
		};
/* End PBXGroup section */

/* Begin PBXNativeTarget section */
		FA8A0D2221CBE93D00B9699B /* Kumbara */ = {
			isa = PBXNativeTarget;
			buildConfigurationList = FA8A0D4021CBE94000B9699B /* Build configuration list for PBXNativeTarget "Kumbara" */;
			buildPhases = (
				FA8A0D1F21CBE93D00B9699B /* Sources */,
				FA8A0D2021CBE93D00B9699B /* Frameworks */,
				FA8A0D2121CBE93D00B9699B /* Resources */,
			);
			buildRules = (
			);
			dependencies = (
			);
			name = Kumbara;
			productName = TransactionTree;
			productReference = FA8A0D2321CBE93D00B9699B /* Kumbara.app */;
			productType = "com.apple.product-type.application";
		};
		FA8A0D3621CBE94000B9699B /* KumbaraTests */ = {
			isa = PBXNativeTarget;
			buildConfigurationList = FA8A0D4321CBE94000B9699B /* Build configuration list for PBXNativeTarget "KumbaraTests" */;
			buildPhases = (
				FA8A0D3321CBE94000B9699B /* Sources */,
				FA8A0D3421CBE94000B9699B /* Frameworks */,
				FA8A0D3521CBE94000B9699B /* Resources */,
			);
			buildRules = (
			);
			dependencies = (
				FA8A0D3921CBE94000B9699B /* PBXTargetDependency */,
			);
			name = KumbaraTests;
			productName = TransactionTreeTests;
			productReference = FA8A0D3721CBE94000B9699B /* KumbaraTests.xctest */;
			productType = "com.apple.product-type.bundle.unit-test";
		};
/* End PBXNativeTarget section */

/* Begin PBXProject section */
		FA8A0D1B21CBE93D00B9699B /* Project object */ = {
			isa = PBXProject;
			attributes = {
				LastSwiftUpdateCheck = 1000;
				LastUpgradeCheck = 1000;
				ORGANIZATIONNAME = gamzerd;
				TargetAttributes = {
					FA8A0D2221CBE93D00B9699B = {
						CreatedOnToolsVersion = 10.0;
					};
					FA8A0D3621CBE94000B9699B = {
						CreatedOnToolsVersion = 10.0;
						TestTargetID = FA8A0D2221CBE93D00B9699B;
					};
				};
			};
			buildConfigurationList = FA8A0D1E21CBE93D00B9699B /* Build configuration list for PBXProject "Kumbara" */;
			compatibilityVersion = "Xcode 9.3";
			developmentRegion = en;
			hasScannedForEncodings = 0;
			knownRegions = (
				en,
				Base,
			);
			mainGroup = FA8A0D1A21CBE93D00B9699B;
			productRefGroup = FA8A0D2421CBE93D00B9699B /* Products */;
			projectDirPath = "";
			projectRoot = "";
			targets = (
				FA8A0D2221CBE93D00B9699B /* Kumbara */,
				FA8A0D3621CBE94000B9699B /* KumbaraTests */,
			);
		};
/* End PBXProject section */

/* Begin PBXResourcesBuildPhase section */
		FA8A0D2121CBE93D00B9699B /* Resources */ = {
			isa = PBXResourcesBuildPhase;
			buildActionMask = 2147483647;
			files = (
				FA1148DA21CF9CCD002608F4 /* TransactionDetailViewController.xib in Resources */,
				FA1148E821CFA67C002608F4 /* TransactionDetailTableViewCell.xib in Resources */,
				FA8A0D3121CBE94000B9699B /* LaunchScreen.storyboard in Resources */,
				FA113E1B21CDB0FE00708940 /* TransactionListViewController.xib in Resources */,
				FA8A0D2E21CBE94000B9699B /* Assets.xcassets in Resources */,
				FA113E1821CDA92F00708940 /* TransactionListTableViewCell.xib in Resources */,
			);
			runOnlyForDeploymentPostprocessing = 0;
		};
		FA8A0D3521CBE94000B9699B /* Resources */ = {
			isa = PBXResourcesBuildPhase;
			buildActionMask = 2147483647;
			files = (
			);
			runOnlyForDeploymentPostprocessing = 0;
		};
/* End PBXResourcesBuildPhase section */

/* Begin PBXSourcesBuildPhase section */
		FA8A0D1F21CBE93D00B9699B /* Sources */ = {
			isa = PBXSourcesBuildPhase;
			buildActionMask = 2147483647;
			files = (
				FA8A0D6221CD2AED00B9699B /* Transaction.swift in Sources */,
				FA113E0E21CD525C00708940 /* TransactionListViewModel.swift in Sources */,
				FA1148EE21CFD32C002608F4 /* DateUtility.swift in Sources */,
				FA8A0D5821CD235C00B9699B /* DataSourceProtocol.swift in Sources */,
				FA8A0D5A21CD23F000B9699B /* LootDataSource.swift in Sources */,
				FA8A0D2921CBE93D00B9699B /* TransactionListViewController.swift in Sources */,
				FA113E0C21CD51DB00708940 /* TransactionListContracts.swift in Sources */,
				FA8A0D2721CBE93D00B9699B /* AppDelegate.swift in Sources */,
				FA1148E621CFA638002608F4 /* TransactionDetailTableViewCell.swift in Sources */,
				FA113E1721CDA92F00708940 /* TransactionListTableViewCell.swift in Sources */,
				FA8A0D5421CC265900B9699B /* TransactionListBuilder.swift in Sources */,
				FA8A0D5021CC0B9400B9699B /* AppRouter.swift in Sources */,
				FA1148E021CF9FC9002608F4 /* TransactionDetailViewModel.swift in Sources */,
				FA8A0D4E21CC0B8700B9699B /* AppContainer.swift in Sources */,
				FA8A0D6721CD30F100B9699B /* TransactionListResponse.swift in Sources */,
				FA8A0D4821CC007E00B9699B /* Service.swift in Sources */,
				FA8A0D4A21CC009200B9699B /* ServiceProtocol.swift in Sources */,
				FA1148EC21CFC757002608F4 /* TransactionDetailBuilder.swift in Sources */,
				FA1148E221CF9FEE002608F4 /* TransactionDetailViewModelProtocol.swift in Sources */,
				FA1148DC21CF9F14002608F4 /* TransactionDetailViewController.swift in Sources */,
				FA8A0D6421CD2B1F00B9699B /* Location.swift in Sources */,
				FA8A0D5E21CD261F00B9699B /* AppConstants.swift in Sources */,
			);
			runOnlyForDeploymentPostprocessing = 0;
		};
		FA8A0D3321CBE94000B9699B /* Sources */ = {
			isa = PBXSourcesBuildPhase;
			buildActionMask = 2147483647;
			files = (
				FA8A0D3C21CBE94000B9699B /* TransactionTreeTests.swift in Sources */,
			);
			runOnlyForDeploymentPostprocessing = 0;
		};
/* End PBXSourcesBuildPhase section */

/* Begin PBXTargetDependency section */
		FA8A0D3921CBE94000B9699B /* PBXTargetDependency */ = {
			isa = PBXTargetDependency;
			target = FA8A0D2221CBE93D00B9699B /* Kumbara */;
			targetProxy = FA8A0D3821CBE94000B9699B /* PBXContainerItemProxy */;
		};
/* End PBXTargetDependency section */

/* Begin PBXVariantGroup section */
		FA8A0D2F21CBE94000B9699B /* LaunchScreen.storyboard */ = {
			isa = PBXVariantGroup;
			children = (
				FA8A0D3021CBE94000B9699B /* Base */,
			);
			name = LaunchScreen.storyboard;
			sourceTree = "<group>";
		};
/* End PBXVariantGroup section */

/* Begin XCBuildConfiguration section */
		FA8A0D3E21CBE94000B9699B /* Debug */ = {
			isa = XCBuildConfiguration;
			buildSettings = {
				ALWAYS_SEARCH_USER_PATHS = NO;
				CLANG_ANALYZER_NONNULL = YES;
				CLANG_ANALYZER_NUMBER_OBJECT_CONVERSION = YES_AGGRESSIVE;
				CLANG_CXX_LANGUAGE_STANDARD = "gnu++14";
				CLANG_CXX_LIBRARY = "libc++";
				CLANG_ENABLE_MODULES = YES;
				CLANG_ENABLE_OBJC_ARC = YES;
				CLANG_ENABLE_OBJC_WEAK = YES;
				CLANG_WARN_BLOCK_CAPTURE_AUTORELEASING = YES;
				CLANG_WARN_BOOL_CONVERSION = YES;
				CLANG_WARN_COMMA = YES;
				CLANG_WARN_CONSTANT_CONVERSION = YES;
				CLANG_WARN_DEPRECATED_OBJC_IMPLEMENTATIONS = YES;
				CLANG_WARN_DIRECT_OBJC_ISA_USAGE = YES_ERROR;
				CLANG_WARN_DOCUMENTATION_COMMENTS = YES;
				CLANG_WARN_EMPTY_BODY = YES;
				CLANG_WARN_ENUM_CONVERSION = YES;
				CLANG_WARN_INFINITE_RECURSION = YES;
				CLANG_WARN_INT_CONVERSION = YES;
				CLANG_WARN_NON_LITERAL_NULL_CONVERSION = YES;
				CLANG_WARN_OBJC_IMPLICIT_RETAIN_SELF = YES;
				CLANG_WARN_OBJC_LITERAL_CONVERSION = YES;
				CLANG_WARN_OBJC_ROOT_CLASS = YES_ERROR;
				CLANG_WARN_RANGE_LOOP_ANALYSIS = YES;
				CLANG_WARN_STRICT_PROTOTYPES = YES;
				CLANG_WARN_SUSPICIOUS_MOVE = YES;
				CLANG_WARN_UNGUARDED_AVAILABILITY = YES_AGGRESSIVE;
				CLANG_WARN_UNREACHABLE_CODE = YES;
				CLANG_WARN__DUPLICATE_METHOD_MATCH = YES;
				CODE_SIGN_IDENTITY = "iPhone Developer";
				COPY_PHASE_STRIP = NO;
				DEBUG_INFORMATION_FORMAT = dwarf;
				ENABLE_STRICT_OBJC_MSGSEND = YES;
				ENABLE_TESTABILITY = YES;
				GCC_C_LANGUAGE_STANDARD = gnu11;
				GCC_DYNAMIC_NO_PIC = NO;
				GCC_NO_COMMON_BLOCKS = YES;
				GCC_OPTIMIZATION_LEVEL = 0;
				GCC_PREPROCESSOR_DEFINITIONS = (
					"DEBUG=1",
					"$(inherited)",
				);
				GCC_WARN_64_TO_32_BIT_CONVERSION = YES;
				GCC_WARN_ABOUT_RETURN_TYPE = YES_ERROR;
				GCC_WARN_UNDECLARED_SELECTOR = YES;
				GCC_WARN_UNINITIALIZED_AUTOS = YES_AGGRESSIVE;
				GCC_WARN_UNUSED_FUNCTION = YES;
				GCC_WARN_UNUSED_VARIABLE = YES;
				IPHONEOS_DEPLOYMENT_TARGET = 12.0;
				MTL_ENABLE_DEBUG_INFO = INCLUDE_SOURCE;
				MTL_FAST_MATH = YES;
				ONLY_ACTIVE_ARCH = YES;
				SDKROOT = iphoneos;
				SWIFT_ACTIVE_COMPILATION_CONDITIONS = DEBUG;
				SWIFT_OPTIMIZATION_LEVEL = "-Onone";
			};
			name = Debug;
		};
		FA8A0D3F21CBE94000B9699B /* Release */ = {
			isa = XCBuildConfiguration;
			buildSettings = {
				ALWAYS_SEARCH_USER_PATHS = NO;
				CLANG_ANALYZER_NONNULL = YES;
				CLANG_ANALYZER_NUMBER_OBJECT_CONVERSION = YES_AGGRESSIVE;
				CLANG_CXX_LANGUAGE_STANDARD = "gnu++14";
				CLANG_CXX_LIBRARY = "libc++";
				CLANG_ENABLE_MODULES = YES;
				CLANG_ENABLE_OBJC_ARC = YES;
				CLANG_ENABLE_OBJC_WEAK = YES;
				CLANG_WARN_BLOCK_CAPTURE_AUTORELEASING = YES;
				CLANG_WARN_BOOL_CONVERSION = YES;
				CLANG_WARN_COMMA = YES;
				CLANG_WARN_CONSTANT_CONVERSION = YES;
				CLANG_WARN_DEPRECATED_OBJC_IMPLEMENTATIONS = YES;
				CLANG_WARN_DIRECT_OBJC_ISA_USAGE = YES_ERROR;
				CLANG_WARN_DOCUMENTATION_COMMENTS = YES;
				CLANG_WARN_EMPTY_BODY = YES;
				CLANG_WARN_ENUM_CONVERSION = YES;
				CLANG_WARN_INFINITE_RECURSION = YES;
				CLANG_WARN_INT_CONVERSION = YES;
				CLANG_WARN_NON_LITERAL_NULL_CONVERSION = YES;
				CLANG_WARN_OBJC_IMPLICIT_RETAIN_SELF = YES;
				CLANG_WARN_OBJC_LITERAL_CONVERSION = YES;
				CLANG_WARN_OBJC_ROOT_CLASS = YES_ERROR;
				CLANG_WARN_RANGE_LOOP_ANALYSIS = YES;
				CLANG_WARN_STRICT_PROTOTYPES = YES;
				CLANG_WARN_SUSPICIOUS_MOVE = YES;
				CLANG_WARN_UNGUARDED_AVAILABILITY = YES_AGGRESSIVE;
				CLANG_WARN_UNREACHABLE_CODE = YES;
				CLANG_WARN__DUPLICATE_METHOD_MATCH = YES;
				CODE_SIGN_IDENTITY = "iPhone Developer";
				COPY_PHASE_STRIP = NO;
				DEBUG_INFORMATION_FORMAT = "dwarf-with-dsym";
				ENABLE_NS_ASSERTIONS = NO;
				ENABLE_STRICT_OBJC_MSGSEND = YES;
				GCC_C_LANGUAGE_STANDARD = gnu11;
				GCC_NO_COMMON_BLOCKS = YES;
				GCC_WARN_64_TO_32_BIT_CONVERSION = YES;
				GCC_WARN_ABOUT_RETURN_TYPE = YES_ERROR;
				GCC_WARN_UNDECLARED_SELECTOR = YES;
				GCC_WARN_UNINITIALIZED_AUTOS = YES_AGGRESSIVE;
				GCC_WARN_UNUSED_FUNCTION = YES;
				GCC_WARN_UNUSED_VARIABLE = YES;
				IPHONEOS_DEPLOYMENT_TARGET = 12.0;
				MTL_ENABLE_DEBUG_INFO = NO;
				MTL_FAST_MATH = YES;
				SDKROOT = iphoneos;
				SWIFT_COMPILATION_MODE = wholemodule;
				SWIFT_OPTIMIZATION_LEVEL = "-O";
				VALIDATE_PRODUCT = YES;
			};
			name = Release;
		};
		FA8A0D4121CBE94000B9699B /* Debug */ = {
			isa = XCBuildConfiguration;
			buildSettings = {
				ASSETCATALOG_COMPILER_APPICON_NAME = AppIcon;
				CODE_SIGN_STYLE = Automatic;
				INFOPLIST_FILE = Kumbara/Info.plist;
				LD_RUNPATH_SEARCH_PATHS = (
					"$(inherited)",
					"@executable_path/Frameworks",
				);
				PRODUCT_BUNDLE_IDENTIFIER = com.gamzerd.Kumbara;
				PRODUCT_NAME = "$(TARGET_NAME)";
				SWIFT_VERSION = 4.2;
				TARGETED_DEVICE_FAMILY = "1,2";
			};
			name = Debug;
		};
		FA8A0D4221CBE94000B9699B /* Release */ = {
			isa = XCBuildConfiguration;
			buildSettings = {
				ASSETCATALOG_COMPILER_APPICON_NAME = AppIcon;
				CODE_SIGN_STYLE = Automatic;
				INFOPLIST_FILE = Kumbara/Info.plist;
				LD_RUNPATH_SEARCH_PATHS = (
					"$(inherited)",
					"@executable_path/Frameworks",
				);
				PRODUCT_BUNDLE_IDENTIFIER = com.gamzerd.Kumbara;
				PRODUCT_NAME = "$(TARGET_NAME)";
				SWIFT_VERSION = 4.2;
				TARGETED_DEVICE_FAMILY = "1,2";
			};
			name = Release;
		};
		FA8A0D4421CBE94000B9699B /* Debug */ = {
			isa = XCBuildConfiguration;
			buildSettings = {
				ALWAYS_EMBED_SWIFT_STANDARD_LIBRARIES = YES;
				BUNDLE_LOADER = "$(TEST_HOST)";
				CODE_SIGN_STYLE = Automatic;
				INFOPLIST_FILE = KumbaraTests/Info.plist;
				LD_RUNPATH_SEARCH_PATHS = (
					"$(inherited)",
					"@executable_path/Frameworks",
					"@loader_path/Frameworks",
				);
				PRODUCT_BUNDLE_IDENTIFIER = com.gamzerd.KumbaraTests;
				PRODUCT_NAME = "$(TARGET_NAME)";
				SWIFT_VERSION = 4.2;
				TARGETED_DEVICE_FAMILY = "1,2";
				TEST_HOST = "$(BUILT_PRODUCTS_DIR)/Kumbara.app/Kumbara";
			};
			name = Debug;
		};
		FA8A0D4521CBE94000B9699B /* Release */ = {
			isa = XCBuildConfiguration;
			buildSettings = {
				ALWAYS_EMBED_SWIFT_STANDARD_LIBRARIES = YES;
				BUNDLE_LOADER = "$(TEST_HOST)";
				CODE_SIGN_STYLE = Automatic;
				INFOPLIST_FILE = KumbaraTests/Info.plist;
				LD_RUNPATH_SEARCH_PATHS = (
					"$(inherited)",
					"@executable_path/Frameworks",
					"@loader_path/Frameworks",
				);
				PRODUCT_BUNDLE_IDENTIFIER = com.gamzerd.KumbaraTests;
				PRODUCT_NAME = "$(TARGET_NAME)";
				SWIFT_VERSION = 4.2;
				TARGETED_DEVICE_FAMILY = "1,2";
				TEST_HOST = "$(BUILT_PRODUCTS_DIR)/Kumbara.app/Kumbara";
			};
			name = Release;
		};
/* End XCBuildConfiguration section */

/* Begin XCConfigurationList section */
		FA8A0D1E21CBE93D00B9699B /* Build configuration list for PBXProject "Kumbara" */ = {
			isa = XCConfigurationList;
			buildConfigurations = (
				FA8A0D3E21CBE94000B9699B /* Debug */,
				FA8A0D3F21CBE94000B9699B /* Release */,
			);
			defaultConfigurationIsVisible = 0;
			defaultConfigurationName = Release;
		};
		FA8A0D4021CBE94000B9699B /* Build configuration list for PBXNativeTarget "Kumbara" */ = {
			isa = XCConfigurationList;
			buildConfigurations = (
				FA8A0D4121CBE94000B9699B /* Debug */,
				FA8A0D4221CBE94000B9699B /* Release */,
			);
			defaultConfigurationIsVisible = 0;
			defaultConfigurationName = Release;
		};
		FA8A0D4321CBE94000B9699B /* Build configuration list for PBXNativeTarget "KumbaraTests" */ = {
			isa = XCConfigurationList;
			buildConfigurations = (
				FA8A0D4421CBE94000B9699B /* Debug */,
				FA8A0D4521CBE94000B9699B /* Release */,
			);
			defaultConfigurationIsVisible = 0;
			defaultConfigurationName = Release;
		};
/* End XCConfigurationList section */
	};
	rootObject = FA8A0D1B21CBE93D00B9699B /* Project object */;
}
