// !$*UTF8*$!
{
	archiveVersion = 1;
	classes = {
	};
	objectVersion = 50;
	objects = {

/* Begin PBXBuildFile section */
		FA8A0D2721CBE93D00B9699B /* AppDelegate.swift in Sources */ = {isa = PBXBuildFile; fileRef = FA8A0D2621CBE93D00B9699B /* AppDelegate.swift */; };
		FA8A0D2921CBE93D00B9699B /* ViewController.swift in Sources */ = {isa = PBXBuildFile; fileRef = FA8A0D2821CBE93D00B9699B /* ViewController.swift */; };
		FA8A0D2C21CBE93E00B9699B /* Main.storyboard in Resources */ = {isa = PBXBuildFile; fileRef = FA8A0D2A21CBE93E00B9699B /* Main.storyboard */; };
		FA8A0D2E21CBE94000B9699B /* Assets.xcassets in Resources */ = {isa = PBXBuildFile; fileRef = FA8A0D2D21CBE94000B9699B /* Assets.xcassets */; };
		FA8A0D3121CBE94000B9699B /* LaunchScreen.storyboard in Resources */ = {isa = PBXBuildFile; fileRef = FA8A0D2F21CBE94000B9699B /* LaunchScreen.storyboard */; };
		FA8A0D3C21CBE94000B9699B /* TransactionTreeTests.swift in Sources */ = {isa = PBXBuildFile; fileRef = FA8A0D3B21CBE94000B9699B /* TransactionTreeTests.swift */; };
/* End PBXBuildFile section */

/* Begin PBXContainerItemProxy section */
		FA8A0D3821CBE94000B9699B /* PBXContainerItemProxy */ = {
			isa = PBXContainerItemProxy;
			containerPortal = FA8A0D1B21CBE93D00B9699B /* Project object */;
			proxyType = 1;
			remoteGlobalIDString = FA8A0D2221CBE93D00B9699B;
			remoteInfo = TransactionTree;
		};
/* End PBXContainerItemProxy section */

/* Begin PBXFileReference section */
		FA8A0D2321CBE93D00B9699B /* TransactionTree.app */ = {isa = PBXFileReference; explicitFileType = wrapper.application; includeInIndex = 0; path = TransactionTree.app; sourceTree = BUILT_PRODUCTS_DIR; };
		FA8A0D2621CBE93D00B9699B /* AppDelegate.swift */ = {isa = PBXFileReference; lastKnownFileType = sourcecode.swift; path = AppDelegate.swift; sourceTree = "<group>"; };
		FA8A0D2821CBE93D00B9699B /* ViewController.swift */ = {isa = PBXFileReference; lastKnownFileType = sourcecode.swift; path = ViewController.swift; sourceTree = "<group>"; };
		FA8A0D2B21CBE93E00B9699B /* Base */ = {isa = PBXFileReference; lastKnownFileType = file.storyboard; name = Base; path = Base.lproj/Main.storyboard; sourceTree = "<group>"; };
		FA8A0D2D21CBE94000B9699B /* Assets.xcassets */ = {isa = PBXFileReference; lastKnownFileType = folder.assetcatalog; path = Assets.xcassets; sourceTree = "<group>"; };
		FA8A0D3021CBE94000B9699B /* Base */ = {isa = PBXFileReference; lastKnownFileType = file.storyboard; name = Base; path = Base.lproj/LaunchScreen.storyboard; sourceTree = "<group>"; };
		FA8A0D3221CBE94000B9699B /* Info.plist */ = {isa = PBXFileReference; lastKnownFileType = text.plist.xml; path = Info.plist; sourceTree = "<group>"; };
		FA8A0D3721CBE94000B9699B /* TransactionTreeTests.xctest */ = {isa = PBXFileReference; explicitFileType = wrapper.cfbundle; includeInIndex = 0; path = TransactionTreeTests.xctest; sourceTree = BUILT_PRODUCTS_DIR; };
		FA8A0D3B21CBE94000B9699B /* TransactionTreeTests.swift */ = {isa = PBXFileReference; lastKnownFileType = sourcecode.swift; path = TransactionTreeTests.swift; sourceTree = "<group>"; };
		FA8A0D3D21CBE94000B9699B /* Info.plist */ = {isa = PBXFileReference; lastKnownFileType = text.plist.xml; path = Info.plist; sourceTree = "<group>"; };
/* End PBXFileReference section */

/* Begin PBXFrameworksBuildPhase section */
		FA8A0D2021CBE93D00B9699B /* Frameworks */ = {
			isa = PBXFrameworksBuildPhase;
			buildActionMask = 2147483647;
			files = (
			);
			runOnlyForDeploymentPostprocessing = 0;
		};
		FA8A0D3421CBE94000B9699B /* Frameworks */ = {
			isa = PBXFrameworksBuildPhase;
			buildActionMask = 2147483647;
			files = (
			);
			runOnlyForDeploymentPostprocessing = 0;
		};
/* End PBXFrameworksBuildPhase section */

/* Begin PBXGroup section */
		FA8A0D1A21CBE93D00B9699B = {
			isa = PBXGroup;
			children = (
				FA8A0D2521CBE93D00B9699B /* TransactionTree */,
				FA8A0D3A21CBE94000B9699B /* TransactionTreeTests */,
				FA8A0D2421CBE93D00B9699B /* Products */,
			);
			sourceTree = "<group>";
		};
		FA8A0D2421CBE93D00B9699B /* Products */ = {
			isa = PBXGroup;
			children = (
				FA8A0D2321CBE93D00B9699B /* TransactionTree.app */,
				FA8A0D3721CBE94000B9699B /* TransactionTreeTests.xctest */,
			);
			name = Products;
			sourceTree = "<group>";
		};
		FA8A0D2521CBE93D00B9699B /* TransactionTree */ = {
			isa = PBXGroup;
			children = (
				FA8A0D2621CBE93D00B9699B /* AppDelegate.swift */,
				FA8A0D2821CBE93D00B9699B /* ViewController.swift */,
				FA8A0D2A21CBE93E00B9699B /* Main.storyboard */,
				FA8A0D2D21CBE94000B9699B /* Assets.xcassets */,
				FA8A0D2F21CBE94000B9699B /* LaunchScreen.storyboard */,
				FA8A0D3221CBE94000B9699B /* Info.plist */,
			);
			path = TransactionTree;
			sourceTree = "<group>";
		};
		FA8A0D3A21CBE94000B9699B /* TransactionTreeTests */ = {
			isa = PBXGroup;
			children = (
				FA8A0D3B21CBE94000B9699B /* TransactionTreeTests.swift */,
				FA8A0D3D21CBE94000B9699B /* Info.plist */,
			);
			path = TransactionTreeTests;
			sourceTree = "<group>";
		};
/* End PBXGroup section */

/* Begin PBXNativeTarget section */
		FA8A0D2221CBE93D00B9699B /* TransactionTree */ = {
			isa = PBXNativeTarget;
			buildConfigurationList = FA8A0D4021CBE94000B9699B /* Build configuration list for PBXNativeTarget "TransactionTree" */;
			buildPhases = (
				FA8A0D1F21CBE93D00B9699B /* Sources */,
				FA8A0D2021CBE93D00B9699B /* Frameworks */,
				FA8A0D2121CBE93D00B9699B /* Resources */,
			);
			buildRules = (
			);
			dependencies = (
			);
			name = TransactionTree;
			productName = TransactionTree;
			productReference = FA8A0D2321CBE93D00B9699B /* TransactionTree.app */;
			productType = "com.apple.product-type.application";
		};
		FA8A0D3621CBE94000B9699B /* TransactionTreeTests */ = {
			isa = PBXNativeTarget;
			buildConfigurationList = FA8A0D4321CBE94000B9699B /* Build configuration list for PBXNativeTarget "TransactionTreeTests" */;
			buildPhases = (
				FA8A0D3321CBE94000B9699B /* Sources */,
				FA8A0D3421CBE94000B9699B /* Frameworks */,
				FA8A0D3521CBE94000B9699B /* Resources */,
			);
			buildRules = (
			);
			dependencies = (
				FA8A0D3921CBE94000B9699B /* PBXTargetDependency */,
			);
			name = TransactionTreeTests;
			productName = TransactionTreeTests;
			productReference = FA8A0D3721CBE94000B9699B /* TransactionTreeTests.xctest */;
			productType = "com.apple.product-type.bundle.unit-test";
		};
/* End PBXNativeTarget section */

/* Begin PBXProject section */
		FA8A0D1B21CBE93D00B9699B /* Project object */ = {
			isa = PBXProject;
			attributes = {
				LastSwiftUpdateCheck = 1000;
				LastUpgradeCheck = 1000;
				ORGANIZATIONNAME = gamzerd;
				TargetAttributes = {
					FA8A0D2221CBE93D00B9699B = {
						CreatedOnToolsVersion = 10.0;
					};
					FA8A0D3621CBE94000B9699B = {
						CreatedOnToolsVersion = 10.0;
						TestTargetID = FA8A0D2221CBE93D00B9699B;
					};
				};
			};
			buildConfigurationList = FA8A0D1E21CBE93D00B9699B /* Build configuration list for PBXProject "TransactionTree" */;
			compatibilityVersion = "Xcode 9.3";
			developmentRegion = en;
			hasScannedForEncodings = 0;
			knownRegions = (
				en,
				Base,
			);
			mainGroup = FA8A0D1A21CBE93D00B9699B;
			productRefGroup = FA8A0D2421CBE93D00B9699B /* Products */;
			projectDirPath = "";
			projectRoot = "";
			targets = (
				FA8A0D2221CBE93D00B9699B /* TransactionTree */,
				FA8A0D3621CBE94000B9699B /* TransactionTreeTests */,
			);
		};
/* End PBXProject section */

/* Begin PBXResourcesBuildPhase section */
		FA8A0D2121CBE93D00B9699B /* Resources */ = {
			isa = PBXResourcesBuildPhase;
			buildActionMask = 2147483647;
			files = (
				FA8A0D3121CBE94000B9699B /* LaunchScreen.storyboard in Resources */,
				FA8A0D2E21CBE94000B9699B /* Assets.xcassets in Resources */,
				FA8A0D2C21CBE93E00B9699B /* Main.storyboard in Resources */,
			);
			runOnlyForDeploymentPostprocessing = 0;
		};
		FA8A0D3521CBE94000B9699B /* Resources */ = {
			isa = PBXResourcesBuildPhase;
			buildActionMask = 2147483647;
			files = (
			);
			runOnlyForDeploymentPostprocessing = 0;
		};
/* End PBXResourcesBuildPhase section */

/* Begin PBXSourcesBuildPhase section */
		FA8A0D1F21CBE93D00B9699B /* Sources */ = {
			isa = PBXSourcesBuildPhase;
			buildActionMask = 2147483647;
			files = (
				FA8A0D2921CBE93D00B9699B /* ViewController.swift in Sources */,
				FA8A0D2721CBE93D00B9699B /* AppDelegate.swift in Sources */,
			);
			runOnlyForDeploymentPostprocessing = 0;
		};
		FA8A0D3321CBE94000B9699B /* Sources */ = {
			isa = PBXSourcesBuildPhase;
			buildActionMask = 2147483647;
			files = (
				FA8A0D3C21CBE94000B9699B /* TransactionTreeTests.swift in Sources */,
			);
			runOnlyForDeploymentPostprocessing = 0;
		};
/* End PBXSourcesBuildPhase section */

/* Begin PBXTargetDependency section */
		FA8A0D3921CBE94000B9699B /* PBXTargetDependency */ = {
			isa = PBXTargetDependency;
			target = FA8A0D2221CBE93D00B9699B /* TransactionTree */;
			targetProxy = FA8A0D3821CBE94000B9699B /* PBXContainerItemProxy */;
		};
/* End PBXTargetDependency section */

/* Begin PBXVariantGroup section */
		FA8A0D2A21CBE93E00B9699B /* Main.storyboard */ = {
			isa = PBXVariantGroup;
			children = (
				FA8A0D2B21CBE93E00B9699B /* Base */,
			);
			name = Main.storyboard;
			sourceTree = "<group>";
		};
		FA8A0D2F21CBE94000B9699B /* LaunchScreen.storyboard */ = {
			isa = PBXVariantGroup;
			children = (
				FA8A0D3021CBE94000B9699B /* Base */,
			);
			name = LaunchScreen.storyboard;
			sourceTree = "<group>";
		};
/* End PBXVariantGroup section */

/* Begin XCBuildConfiguration section */
		FA8A0D3E21CBE94000B9699B /* Debug */ = {
			isa = XCBuildConfiguration;
			buildSettings = {
				ALWAYS_SEARCH_USER_PATHS = NO;
				CLANG_ANALYZER_NONNULL = YES;
				CLANG_ANALYZER_NUMBER_OBJECT_CONVERSION = YES_AGGRESSIVE;
				CLANG_CXX_LANGUAGE_STANDARD = "gnu++14";
				CLANG_CXX_LIBRARY = "libc++";
				CLANG_ENABLE_MODULES = YES;
				CLANG_ENABLE_OBJC_ARC = YES;
				CLANG_ENABLE_OBJC_WEAK = YES;
				CLANG_WARN_BLOCK_CAPTURE_AUTORELEASING = YES;
				CLANG_WARN_BOOL_CONVERSION = YES;
				CLANG_WARN_COMMA = YES;
				CLANG_WARN_CONSTANT_CONVERSION = YES;
				CLANG_WARN_DEPRECATED_OBJC_IMPLEMENTATIONS = YES;
				CLANG_WARN_DIRECT_OBJC_ISA_USAGE = YES_ERROR;
				CLANG_WARN_DOCUMENTATION_COMMENTS = YES;
				CLANG_WARN_EMPTY_BODY = YES;
				CLANG_WARN_ENUM_CONVERSION = YES;
				CLANG_WARN_INFINITE_RECURSION = YES;
				CLANG_WARN_INT_CONVERSION = YES;
				CLANG_WARN_NON_LITERAL_NULL_CONVERSION = YES;
				CLANG_WARN_OBJC_IMPLICIT_RETAIN_SELF = YES;
				CLANG_WARN_OBJC_LITERAL_CONVERSION = YES;
				CLANG_WARN_OBJC_ROOT_CLASS = YES_ERROR;
				CLANG_WARN_RANGE_LOOP_ANALYSIS = YES;
				CLANG_WARN_STRICT_PROTOTYPES = YES;
				CLANG_WARN_SUSPICIOUS_MOVE = YES;
				CLANG_WARN_UNGUARDED_AVAILABILITY = YES_AGGRESSIVE;
				CLANG_WARN_UNREACHABLE_CODE = YES;
				CLANG_WARN__DUPLICATE_METHOD_MATCH = YES;
				CODE_SIGN_IDENTITY = "iPhone Developer";
				COPY_PHASE_STRIP = NO;
				DEBUG_INFORMATION_FORMAT = dwarf;
				ENABLE_STRICT_OBJC_MSGSEND = YES;
				ENABLE_TESTABILITY = YES;
				GCC_C_LANGUAGE_STANDARD = gnu11;
				GCC_DYNAMIC_NO_PIC = NO;
				GCC_NO_COMMON_BLOCKS = YES;
				GCC_OPTIMIZATION_LEVEL = 0;
				GCC_PREPROCESSOR_DEFINITIONS = (
					"DEBUG=1",
					"$(inherited)",
				);
				GCC_WARN_64_TO_32_BIT_CONVERSION = YES;
				GCC_WARN_ABOUT_RETURN_TYPE = YES_ERROR;
				GCC_WARN_UNDECLARED_SELECTOR = YES;
				GCC_WARN_UNINITIALIZED_AUTOS = YES_AGGRESSIVE;
				GCC_WARN_UNUSED_FUNCTION = YES;
				GCC_WARN_UNUSED_VARIABLE = YES;
				IPHONEOS_DEPLOYMENT_TARGET = 12.0;
				MTL_ENABLE_DEBUG_INFO = INCLUDE_SOURCE;
				MTL_FAST_MATH = YES;
				ONLY_ACTIVE_ARCH = YES;
				SDKROOT = iphoneos;
				SWIFT_ACTIVE_COMPILATION_CONDITIONS = DEBUG;
				SWIFT_OPTIMIZATION_LEVEL = "-Onone";
			};
			name = Debug;
		};
		FA8A0D3F21CBE94000B9699B /* Release */ = {
			isa = XCBuildConfiguration;
			buildSettings = {
				ALWAYS_SEARCH_USER_PATHS = NO;
				CLANG_ANALYZER_NONNULL = YES;
				CLANG_ANALYZER_NUMBER_OBJECT_CONVERSION = YES_AGGRESSIVE;
				CLANG_CXX_LANGUAGE_STANDARD = "gnu++14";
				CLANG_CXX_LIBRARY = "libc++";
				CLANG_ENABLE_MODULES = YES;
				CLANG_ENABLE_OBJC_ARC = YES;
				CLANG_ENABLE_OBJC_WEAK = YES;
				CLANG_WARN_BLOCK_CAPTURE_AUTORELEASING = YES;
				CLANG_WARN_BOOL_CONVERSION = YES;
				CLANG_WARN_COMMA = YES;
				CLANG_WARN_CONSTANT_CONVERSION = YES;
				CLANG_WARN_DEPRECATED_OBJC_IMPLEMENTATIONS = YES;
				CLANG_WARN_DIRECT_OBJC_ISA_USAGE = YES_ERROR;
				CLANG_WARN_DOCUMENTATION_COMMENTS = YES;
				CLANG_WARN_EMPTY_BODY = YES;
				CLANG_WARN_ENUM_CONVERSION = YES;
				CLANG_WARN_INFINITE_RECURSION = YES;
				CLANG_WARN_INT_CONVERSION = YES;
				CLANG_WARN_NON_LITERAL_NULL_CONVERSION = YES;
				CLANG_WARN_OBJC_IMPLICIT_RETAIN_SELF = YES;
				CLANG_WARN_OBJC_LITERAL_CONVERSION = YES;
				CLANG_WARN_OBJC_ROOT_CLASS = YES_ERROR;
				CLANG_WARN_RANGE_LOOP_ANALYSIS = YES;
				CLANG_WARN_STRICT_PROTOTYPES = YES;
				CLANG_WARN_SUSPICIOUS_MOVE = YES;
				CLANG_WARN_UNGUARDED_AVAILABILITY = YES_AGGRESSIVE;
				CLANG_WARN_UNREACHABLE_CODE = YES;
				CLANG_WARN__DUPLICATE_METHOD_MATCH = YES;
				CODE_SIGN_IDENTITY = "iPhone Developer";
				COPY_PHASE_STRIP = NO;
				DEBUG_INFORMATION_FORMAT = "dwarf-with-dsym";
				ENABLE_NS_ASSERTIONS = NO;
				ENABLE_STRICT_OBJC_MSGSEND = YES;
				GCC_C_LANGUAGE_STANDARD = gnu11;
				GCC_NO_COMMON_BLOCKS = YES;
				GCC_WARN_64_TO_32_BIT_CONVERSION = YES;
				GCC_WARN_ABOUT_RETURN_TYPE = YES_ERROR;
				GCC_WARN_UNDECLARED_SELECTOR = YES;
				GCC_WARN_UNINITIALIZED_AUTOS = YES_AGGRESSIVE;
				GCC_WARN_UNUSED_FUNCTION = YES;
				GCC_WARN_UNUSED_VARIABLE = YES;
				IPHONEOS_DEPLOYMENT_TARGET = 12.0;
				MTL_ENABLE_DEBUG_INFO = NO;
				MTL_FAST_MATH = YES;
				SDKROOT = iphoneos;
				SWIFT_COMPILATION_MODE = wholemodule;
				SWIFT_OPTIMIZATION_LEVEL = "-O";
				VALIDATE_PRODUCT = YES;
			};
			name = Release;
		};
		FA8A0D4121CBE94000B9699B /* Debug */ = {
			isa = XCBuildConfiguration;
			buildSettings = {
				ASSETCATALOG_COMPILER_APPICON_NAME = AppIcon;
				CODE_SIGN_STYLE = Automatic;
				INFOPLIST_FILE = TransactionTree/Info.plist;
				LD_RUNPATH_SEARCH_PATHS = (
					"$(inherited)",
					"@executable_path/Frameworks",
				);
				PRODUCT_BUNDLE_IDENTIFIER = com.gamzerd.TransactionTree;
				PRODUCT_NAME = "$(TARGET_NAME)";
				SWIFT_VERSION = 4.2;
				TARGETED_DEVICE_FAMILY = "1,2";
			};
			name = Debug;
		};
		FA8A0D4221CBE94000B9699B /* Release */ = {
			isa = XCBuildConfiguration;
			buildSettings = {
				ASSETCATALOG_COMPILER_APPICON_NAME = AppIcon;
				CODE_SIGN_STYLE = Automatic;
				INFOPLIST_FILE = TransactionTree/Info.plist;
				LD_RUNPATH_SEARCH_PATHS = (
					"$(inherited)",
					"@executable_path/Frameworks",
				);
				PRODUCT_BUNDLE_IDENTIFIER = com.gamzerd.TransactionTree;
				PRODUCT_NAME = "$(TARGET_NAME)";
				SWIFT_VERSION = 4.2;
				TARGETED_DEVICE_FAMILY = "1,2";
			};
			name = Release;
		};
		FA8A0D4421CBE94000B9699B /* Debug */ = {
			isa = XCBuildConfiguration;
			buildSettings = {
				ALWAYS_EMBED_SWIFT_STANDARD_LIBRARIES = YES;
				BUNDLE_LOADER = "$(TEST_HOST)";
				CODE_SIGN_STYLE = Automatic;
				INFOPLIST_FILE = TransactionTreeTests/Info.plist;
				LD_RUNPATH_SEARCH_PATHS = (
					"$(inherited)",
					"@executable_path/Frameworks",
					"@loader_path/Frameworks",
				);
				PRODUCT_BUNDLE_IDENTIFIER = com.gamzerd.TransactionTreeTests;
				PRODUCT_NAME = "$(TARGET_NAME)";
				SWIFT_VERSION = 4.2;
				TARGETED_DEVICE_FAMILY = "1,2";
				TEST_HOST = "$(BUILT_PRODUCTS_DIR)/TransactionTree.app/TransactionTree";
			};
			name = Debug;
		};
		FA8A0D4521CBE94000B9699B /* Release */ = {
			isa = XCBuildConfiguration;
			buildSettings = {
				ALWAYS_EMBED_SWIFT_STANDARD_LIBRARIES = YES;
				BUNDLE_LOADER = "$(TEST_HOST)";
				CODE_SIGN_STYLE = Automatic;
				INFOPLIST_FILE = TransactionTreeTests/Info.plist;
				LD_RUNPATH_SEARCH_PATHS = (
					"$(inherited)",
					"@executable_path/Frameworks",
					"@loader_path/Frameworks",
				);
				PRODUCT_BUNDLE_IDENTIFIER = com.gamzerd.TransactionTreeTests;
				PRODUCT_NAME = "$(TARGET_NAME)";
				SWIFT_VERSION = 4.2;
				TARGETED_DEVICE_FAMILY = "1,2";
				TEST_HOST = "$(BUILT_PRODUCTS_DIR)/TransactionTree.app/TransactionTree";
			};
			name = Release;
		};
/* End XCBuildConfiguration section */

/* Begin XCConfigurationList section */
		FA8A0D1E21CBE93D00B9699B /* Build configuration list for PBXProject "TransactionTree" */ = {
			isa = XCConfigurationList;
			buildConfigurations = (
				FA8A0D3E21CBE94000B9699B /* Debug */,
				FA8A0D3F21CBE94000B9699B /* Release */,
			);
			defaultConfigurationIsVisible = 0;
			defaultConfigurationName = Release;
		};
		FA8A0D4021CBE94000B9699B /* Build configuration list for PBXNativeTarget "TransactionTree" */ = {
			isa = XCConfigurationList;
			buildConfigurations = (
				FA8A0D4121CBE94000B9699B /* Debug */,
				FA8A0D4221CBE94000B9699B /* Release */,
			);
			defaultConfigurationIsVisible = 0;
			defaultConfigurationName = Release;
		};
		FA8A0D4321CBE94000B9699B /* Build configuration list for PBXNativeTarget "TransactionTreeTests" */ = {
			isa = XCConfigurationList;
			buildConfigurations = (
				FA8A0D4421CBE94000B9699B /* Debug */,
				FA8A0D4521CBE94000B9699B /* Release */,
			);
			defaultConfigurationIsVisible = 0;
			defaultConfigurationName = Release;
		};
/* End XCConfigurationList section */
	};
	rootObject = FA8A0D1B21CBE93D00B9699B /* Project object */;
}
